<?xml version="1.0" encoding="utf-8"?>
<Project ToolsVersion="4.0" xmlns="http://schemas.microsoft.com/developer/msbuild/2003">
  <ItemGroup>
    <ClCompile Include="detours\creatwth.cpp">
      <Filter>detours</Filter>
    </ClCompile>
    <ClCompile Include="detours\detours.cpp">
      <Filter>detours</Filter>
    </ClCompile>
    <ClCompile Include="detours\disasm.cpp">
      <Filter>detours</Filter>
    </ClCompile>
    <ClCompile Include="detours\disolarm.cpp">
      <Filter>detours</Filter>
    </ClCompile>
    <ClCompile Include="detours\disolarm64.cpp">
      <Filter>detours</Filter>
    </ClCompile>
    <ClCompile Include="detours\disolia64.cpp">
      <Filter>detours</Filter>
    </ClCompile>
    <ClCompile Include="detours\disolx64.cpp">
      <Filter>detours</Filter>
    </ClCompile>
    <ClCompile Include="detours\disolx86.cpp">
      <Filter>detours</Filter>
    </ClCompile>
    <ClCompile Include="detours\image.cpp">
      <Filter>detours</Filter>
    </ClCompile>
    <ClCompile Include="detours\modules.cpp">
      <Filter>detours</Filter>
    </ClCompile>
    <ClCompile Include="dllmain.cc" />
    <ClCompile Include="loguru.cpp" />
  </ItemGroup>
  <ItemGroup>
    <ClInclude Include="detours\detours.h">
      <Filter>detours</Filter>
    </ClInclude>
    <ClInclude Include="detours\detver.h">
      <Filter>detours</Filter>
    </ClInclude>
    <ClInclude Include="loguru.hpp" />
    <ClInclude Include="inject.h" />
  </ItemGroup>
  <ItemGroup>
    <Filter Include="detours">
      <UniqueIdentifier>{14117dba-d68d-40e5-9612-9495c9d3a6da}</UniqueIdentifier>
    </Filter>
  </ItemGroup>
</Project>